
Microsoft Visual Studio Solution File, Format Version 12.00
# Visual Studio 15
VisualStudioVersion = 15.0.28307.438
MinimumVisualStudioVersion = 10.0.40219.1
Project("{FAE04EC0-301F-11D3-BF4B-00C04F79EFBC}") = "ManiaKvadratov", "ManiaKvadratov\ManiaKvadratov.csproj", "{ADF7FB33-638E-414B-8447-2087587D3356}"
EndProject
Global
	GlobalSection(SolutionConfigurationPlatforms) = preSolution
		Debug|Any CPU = Debug|Any CPU
		Release|Any CPU = Release|Any CPU
	EndGlobalSection
	GlobalSection(ProjectConfigurationPlatforms) = postSolution
		{ADF7FB33-638E-414B-8447-2087587D3356}.Debug|Any CPU.ActiveCfg = Debug|Any CPU
		{ADF7FB33-638E-414B-8447-2087587D3356}.Debug|Any CPU.Build.0 = Debug|Any CPU
		{ADF7FB33-638E-414B-8447-2087587D3356}.Release|Any CPU.ActiveCfg = Release|Any CPU
		{ADF7FB33-638E-414B-8447-2087587D3356}.Release|Any CPU.Build.0 = Release|Any CPU
	EndGlobalSection
	GlobalSection(SolutionProperties) = preSolution
		HideSolutionNode = FALSE
	EndGlobalSection
	GlobalSection(ExtensibilityGlobals) = postSolution
		SolutionGuid = {9180099F-0233-4EE2-9807-1C55A11FB6B1}
	EndGlobalSection
EndGlobal
