
Microsoft Visual Studio Solution File, Format Version 12.00
# Visual Studio 15
VisualStudioVersion = 15.0.28307.329
MinimumVisualStudioVersion = 10.0.40219.1
Project("{FAE04EC0-301F-11D3-BF4B-00C04F79EFBC}") = "DataBase", "DataBase\DataBase.csproj", "{28DDD747-F701-4801-8B94-F954D9A20547}"
EndProject
Global
	GlobalSection(SolutionConfigurationPlatforms) = preSolution
		Debug|Any CPU = Debug|Any CPU
		Release|Any CPU = Release|Any CPU
	EndGlobalSection
	GlobalSection(ProjectConfigurationPlatforms) = postSolution
		{28DDD747-F701-4801-8B94-F954D9A20547}.Debug|Any CPU.ActiveCfg = Debug|Any CPU
		{28DDD747-F701-4801-8B94-F954D9A20547}.Debug|Any CPU.Build.0 = Debug|Any CPU
		{28DDD747-F701-4801-8B94-F954D9A20547}.Release|Any CPU.ActiveCfg = Release|Any CPU
		{28DDD747-F701-4801-8B94-F954D9A20547}.Release|Any CPU.Build.0 = Release|Any CPU
	EndGlobalSection
	GlobalSection(SolutionProperties) = preSolution
		HideSolutionNode = FALSE
	EndGlobalSection
	GlobalSection(ExtensibilityGlobals) = postSolution
		SolutionGuid = {4C7DDA99-FF5A-42E4-8D94-6F63F295376F}
	EndGlobalSection
EndGlobal
