
Microsoft Visual Studio Solution File, Format Version 12.00
# Visual Studio 15
VisualStudioVersion = 15.0.28307.438
MinimumVisualStudioVersion = 10.0.40219.1
Project("{FAE04EC0-301F-11D3-BF4B-00C04F79EFBC}") = "WindowsFormsApp1", "WindowsFormsApp1\WindowsFormsApp1.csproj", "{7DF65705-88CC-4338-ADB8-BA93401621FF}"
EndProject
Global
	GlobalSection(SolutionConfigurationPlatforms) = preSolution
		Debug|Any CPU = Debug|Any CPU
		Release|Any CPU = Release|Any CPU
	EndGlobalSection
	GlobalSection(ProjectConfigurationPlatforms) = postSolution
		{7DF65705-88CC-4338-ADB8-BA93401621FF}.Debug|Any CPU.ActiveCfg = Debug|Any CPU
		{7DF65705-88CC-4338-ADB8-BA93401621FF}.Debug|Any CPU.Build.0 = Debug|Any CPU
		{7DF65705-88CC-4338-ADB8-BA93401621FF}.Release|Any CPU.ActiveCfg = Release|Any CPU
		{7DF65705-88CC-4338-ADB8-BA93401621FF}.Release|Any CPU.Build.0 = Release|Any CPU
	EndGlobalSection
	GlobalSection(SolutionProperties) = preSolution
		HideSolutionNode = FALSE
	EndGlobalSection
	GlobalSection(ExtensibilityGlobals) = postSolution
		SolutionGuid = {0CFE854A-7E0E-40D2-8BF7-D71FFFBB8D66}
	EndGlobalSection
EndGlobal
